Microsoft Visual Studio Solution File, Format Version 12.00
# Visual Studio Version 17
VisualStudioVersion = 17.10.35027.167
MinimumVisualStudioVersion = 10.0.40219.1
Project("{9A19103F-16F7-4668-BE54-9A1E7A4F7556}") = "etymo.AppHost", "etymo.AppHost\etymo.AppHost.csproj", "{28290182-70A8-46BA-B2A8-AF4890C51525}"
EndProject
Project("{9A19103F-16F7-4668-BE54-9A1E7A4F7556}") = "etymo.ServiceDefaults", "etymo.ServiceDefaults\etymo.ServiceDefaults.csproj", "{D243E4E6-9BC8-4636-BB2D-31D30DC90073}"
EndProject
Project("{9A19103F-16F7-4668-BE54-9A1E7A4F7556}") = "etymo.ApiService", "etymo.ApiService\etymo.ApiService.csproj", "{88AF2B9A-654F-47B4-A684-073B837AE0A7}"
EndProject
Project("{9A19103F-16F7-4668-BE54-9A1E7A4F7556}") = "etymo.Web", "etymo.Web\etymo.Web.csproj", "{580238A2-7D83-45A5-9F75-00B4E894202B}"
EndProject
Project("{9A19103F-16F7-4668-BE54-9A1E7A4F7556}") = "etymo.Tests", "etymo.Tests\etymo.Tests.csproj", "{9FDA2F2C-B7AC-44AC-AAEB-1ADDDBC9A78B}"
EndProject
Project("{2150E333-8FDC-42A3-9474-1A3956D46DE8}") = "workflows", "workflows", "{D7A75ACD-0FB8-437F-95C4-C3B86315AFCB}"
	ProjectSection(SolutionItems) = preProject
		.github\workflows\append_values.sh = .github\workflows\append_values.sh
		.github\workflows\aspire-build.yml = .github\workflows\aspire-build.yml
		.github\workflows\chart-release.yml = .github\workflows\chart-release.yml
	EndProjectSection
EndProject
Project("{2150E333-8FDC-42A3-9474-1A3956D46DE8}") = "realms", "realms", "{C4DCBE15-F74D-4919-8B1F-165990E131B7}"
EndProject
Global
	GlobalSection(SolutionConfigurationPlatforms) = preSolution
		Debug|Any CPU = Debug|Any CPU
		Release|Any CPU = Release|Any CPU
	EndGlobalSection
	GlobalSection(ProjectConfigurationPlatforms) = postSolution
		{28290182-70A8-46BA-B2A8-AF4890C51525}.Debug|Any CPU.ActiveCfg = Debug|Any CPU
		{28290182-70A8-46BA-B2A8-AF4890C51525}.Debug|Any CPU.Build.0 = Debug|Any CPU
		{28290182-70A8-46BA-B2A8-AF4890C51525}.Release|Any CPU.ActiveCfg = Release|Any CPU
		{28290182-70A8-46BA-B2A8-AF4890C51525}.Release|Any CPU.Build.0 = Release|Any CPU
		{D243E4E6-9BC8-4636-BB2D-31D30DC90073}.Debug|Any CPU.ActiveCfg = Debug|Any CPU
		{D243E4E6-9BC8-4636-BB2D-31D30DC90073}.Debug|Any CPU.Build.0 = Debug|Any CPU
		{D243E4E6-9BC8-4636-BB2D-31D30DC90073}.Release|Any CPU.ActiveCfg = Release|Any CPU
		{D243E4E6-9BC8-4636-BB2D-31D30DC90073}.Release|Any CPU.Build.0 = Release|Any CPU
		{88AF2B9A-654F-47B4-A684-073B837AE0A7}.Debug|Any CPU.ActiveCfg = Debug|Any CPU
		{88AF2B9A-654F-47B4-A684-073B837AE0A7}.Debug|Any CPU.Build.0 = Debug|Any CPU
		{88AF2B9A-654F-47B4-A684-073B837AE0A7}.Release|Any CPU.ActiveCfg = Release|Any CPU
		{88AF2B9A-654F-47B4-A684-073B837AE0A7}.Release|Any CPU.Build.0 = Release|Any CPU
		{580238A2-7D83-45A5-9F75-00B4E894202B}.Debug|Any CPU.ActiveCfg = Debug|Any CPU
		{580238A2-7D83-45A5-9F75-00B4E894202B}.Debug|Any CPU.Build.0 = Debug|Any CPU
		{580238A2-7D83-45A5-9F75-00B4E894202B}.Release|Any CPU.ActiveCfg = Release|Any CPU
		{580238A2-7D83-45A5-9F75-00B4E894202B}.Release|Any CPU.Build.0 = Release|Any CPU
		{9FDA2F2C-B7AC-44AC-AAEB-1ADDDBC9A78B}.Debug|Any CPU.ActiveCfg = Debug|Any CPU
		{9FDA2F2C-B7AC-44AC-AAEB-1ADDDBC9A78B}.Debug|Any CPU.Build.0 = Debug|Any CPU
		{9FDA2F2C-B7AC-44AC-AAEB-1ADDDBC9A78B}.Release|Any CPU.ActiveCfg = Release|Any CPU
		{9FDA2F2C-B7AC-44AC-AAEB-1ADDDBC9A78B}.Release|Any CPU.Build.0 = Release|Any CPU
	EndGlobalSection
	GlobalSection(SolutionProperties) = preSolution
		HideSolutionNode = FALSE
	EndGlobalSection
	GlobalSection(ExtensibilityGlobals) = postSolution
		SolutionGuid = {CC407D82-AB18-45CD-BDD3-BF077E4FD690}
	EndGlobalSection
EndGlobal
